{
  "name": "Team9-PurpleMotel",
  "lockfileVersion": 3,
  "requires": true,
  "packages": {
    "": {
      "dependencies": {
        "ngx-infinite-scroll": "^15.0.0",
        "simplebar": "^6.2.4"
      }
    },
    "node_modules/@angular/common": {
      "version": "15.2.8",
      "resolved": "https://registry.npmjs.org/@angular/common/-/common-15.2.8.tgz",
      "integrity": "sha512-yLDQihiRcVl38HrWMPbqgzOaSUw85AQH5BsGdjbS6BpoBQj3EXOpccCMFsuxOKxPG4toatgawNqrEnK0Jpv9Mw==",
      "peer": true,
      "dependencies": {
        "tslib": "^2.3.0"
      },
      "engines": {
        "node": "^14.20.0 || ^16.13.0 || >=18.10.0"
      },
      "peerDependencies": {
        "@angular/core": "15.2.8",
        "rxjs": "^6.5.3 || ^7.4.0"
      }
    },
    "node_modules/@angular/core": {
      "version": "15.2.8",
      "resolved": "https://registry.npmjs.org/@angular/core/-/core-15.2.8.tgz",
      "integrity": "sha512-NDs+g4uM4EhyCvluf8a0YBCFXsDAEfCMHOD5cS00Bl+liTQ7JwtmepkWXMyjLB92irC9JaR79kdy4BoIKOh8WA==",
      "peer": true,
      "dependencies": {
        "tslib": "^2.3.0"
      },
      "engines": {
        "node": "^14.20.0 || ^16.13.0 || >=18.10.0"
      },
      "peerDependencies": {
        "rxjs": "^6.5.3 || ^7.4.0",
        "zone.js": "~0.11.4 || ~0.12.0 || ~0.13.0"
      }
    },
    "node_modules/@types/lodash": {
      "version": "4.14.194",
      "resolved": "https://registry.npmjs.org/@types/lodash/-/lodash-4.14.194.tgz",
      "integrity": "sha512-r22s9tAS7imvBt2lyHC9B8AGwWnXaYb1tY09oyLkXDs4vArpYJzw09nj8MLx5VfciBPGIb+ZwG0ssYnEPJxn/g=="
    },
    "node_modules/@types/lodash-es": {
      "version": "4.17.7",
      "resolved": "https://registry.npmjs.org/@types/lodash-es/-/lodash-es-4.17.7.tgz",
      "integrity": "sha512-z0ptr6UI10VlU6l5MYhGwS4mC8DZyYer2mCoyysZtSF7p26zOX8UpbrV0YpNYLGS8K4PUFIyEr62IMFFjveSiQ==",
      "dependencies": {
        "@types/lodash": "*"
      }
    },
    "node_modules/can-use-dom": {
      "version": "0.1.0",
      "resolved": "https://registry.npmjs.org/can-use-dom/-/can-use-dom-0.1.0.tgz",
      "integrity": "sha512-ceOhN1DL7Y4O6M0j9ICgmTYziV89WMd96SvSl0REd8PMgrY0B/WBOPoed5S1KUmJqXgUXh8gzSe6E3ae27upsQ=="
    },
    "node_modules/lodash": {
      "version": "4.17.21",
      "resolved": "https://registry.npmjs.org/lodash/-/lodash-4.17.21.tgz",
      "integrity": "sha512-v2kDEe57lecTulaDIuNTPy3Ry4gLGJ6Z1O3vE1krgXZNrsQ+LFTGHVxVjcXPs17LhbZVGedAJv8XZ1tvj5FvSg=="
    },
    "node_modules/lodash-es": {
      "version": "4.17.21",
      "resolved": "https://registry.npmjs.org/lodash-es/-/lodash-es-4.17.21.tgz",
      "integrity": "sha512-mKnC+QJ9pWVzv+C4/U3rRsHapFfHvQFoFB92e52xeyGMcX6/OlIl78je1u8vePzYZSkkogMPJ2yjxxsb89cxyw=="
    },
    "node_modules/ngx-infinite-scroll": {
      "version": "15.0.0",
      "resolved": "https://registry.npmjs.org/ngx-infinite-scroll/-/ngx-infinite-scroll-15.0.0.tgz",
      "integrity": "sha512-FSP5UphRdl47vW8f/dRnPAU+napzruAKizBX2HS7MH292Ca+va6IU0J5+UQQmO5rXod2RZV7UhJ6+7g4xLfs1A==",
      "dependencies": {
        "tslib": "^2.3.0"
      },
      "peerDependencies": {
        "@angular/common": ">=15.0.0 <16.0.0",
        "@angular/core": ">=15.0.0 <16.0.0"
      }
    },
    "node_modules/rxjs": {
      "version": "7.8.0",
      "resolved": "https://registry.npmjs.org/rxjs/-/rxjs-7.8.0.tgz",
      "integrity": "sha512-F2+gxDshqmIub1KdvZkaEfGDwLNpPvk9Fs6LD/MyQxNgMds/WH9OdDDXOmxUZpME+iSK3rQCctkL0DYyytUqMg==",
      "peer": true,
      "dependencies": {
        "tslib": "^2.1.0"
      }
    },
    "node_modules/simplebar": {
      "version": "6.2.5",
      "resolved": "https://registry.npmjs.org/simplebar/-/simplebar-6.2.5.tgz",
      "integrity": "sha512-vfxKR6KNBsPx7+sZnqO7T8VuCvi4px6OlycrrkNgyjvoHhRW7LIyVkHhUfXxbz33Gw99Wb9UMMsnEZv35wtLSw==",
      "dependencies": {
        "can-use-dom": "^0.1.0",
        "simplebar-core": "^1.2.4"
      }
    },
    "node_modules/simplebar-core": {
      "version": "1.2.4",
      "resolved": "https://registry.npmjs.org/simplebar-core/-/simplebar-core-1.2.4.tgz",
      "integrity": "sha512-P+Sqshef4fq3++gQ82TgNYcgl3qZFSCP5jS2/8NMmw18oagXOijMzs1G+vm6RUY3oMvpwH3wGoqh9u6SyDjHfQ==",
      "dependencies": {
        "@types/lodash-es": "^4.17.6",
        "can-use-dom": "^0.1.0",
        "lodash": "^4.17.21",
        "lodash-es": "^4.17.21"
      }
    },
    "node_modules/tslib": {
      "version": "2.5.0",
      "resolved": "https://registry.npmjs.org/tslib/-/tslib-2.5.0.tgz",
      "integrity": "sha512-336iVw3rtn2BUK7ORdIAHTyxHGRIHVReokCR3XjbckJMK7ms8FysBfhLR8IXnAgy7T0PTPNBWKiH514FOW/WSg=="
    },
    "node_modules/zone.js": {
      "version": "0.13.0",
      "resolved": "https://registry.npmjs.org/zone.js/-/zone.js-0.13.0.tgz",
      "integrity": "sha512-7m3hNNyswsdoDobCkYNAy5WiUulkMd3+fWaGT9ij6iq3Zr/IwJo4RMCYPSDjT+r7tnPErmY9sZpKhWQ8S5k6XQ==",
      "peer": true,
      "dependencies": {
        "tslib": "^2.3.0"
      }
    }
  }
}
